
Microsoft Visual Studio Solution File, Format Version 12.00
# Visual Studio Version 17
VisualStudioVersion = 17.5.33530.505
MinimumVisualStudioVersion = 10.0.40219.1
Project("{FAE04EC0-301F-11D3-BF4B-00C04F79EFBC}") = "RJ_NOC_Application", "RJ_NOC_Application\RJ_NOC_Application.csproj", "{81F785C2-F8DB-4876-BA1D-F7C005386AC9}"
EndProject
Global
	GlobalSection(SolutionConfigurationPlatforms) = preSolution
		Debug|Any CPU = Debug|Any CPU
		Release|Any CPU = Release|Any CPU
	EndGlobalSection
	GlobalSection(ProjectConfigurationPlatforms) = postSolution
		{81F785C2-F8DB-4876-BA1D-F7C005386AC9}.Debug|Any CPU.ActiveCfg = Debug|Any CPU
		{81F785C2-F8DB-4876-BA1D-F7C005386AC9}.Debug|Any CPU.Build.0 = Debug|Any CPU
		{81F785C2-F8DB-4876-BA1D-F7C005386AC9}.Release|Any CPU.ActiveCfg = Release|Any CPU
		{81F785C2-F8DB-4876-BA1D-F7C005386AC9}.Release|Any CPU.Build.0 = Release|Any CPU
	EndGlobalSection
	GlobalSection(SolutionProperties) = preSolution
		HideSolutionNode = FALSE
	EndGlobalSection
	GlobalSection(ExtensibilityGlobals) = postSolution
		SolutionGuid = {5F35B151-47E4-4556-9464-DD5A9E676B66}
	EndGlobalSection
EndGlobal
